// !$*UTF8*$!
{
	archiveVersion = 1;
	classes = {
	};
	objectVersion = 50;
	objects = {

/* Begin PBXBuildFile section */
		5301B91022743EFF007CAAA1 /* StoryBoard2.storyboard in Resources */ = {isa = PBXBuildFile; fileRef = 5301B90F22743EFF007CAAA1 /* StoryBoard2.storyboard */; };
		5302021E2270B15D00AE3679 /* AppDelegate.swift in Sources */ = {isa = PBXBuildFile; fileRef = 5302021D2270B15D00AE3679 /* AppDelegate.swift */; };
		530202202270B15D00AE3679 /* ViewController.swift in Sources */ = {isa = PBXBuildFile; fileRef = 5302021F2270B15D00AE3679 /* ViewController.swift */; };
		530202232270B15D00AE3679 /* Main.storyboard in Resources */ = {isa = PBXBuildFile; fileRef = 530202212270B15D00AE3679 /* Main.storyboard */; };
		530202252270B15F00AE3679 /* Assets.xcassets in Resources */ = {isa = PBXBuildFile; fileRef = 530202242270B15F00AE3679 /* Assets.xcassets */; };
		530202282270B15F00AE3679 /* LaunchScreen.storyboard in Resources */ = {isa = PBXBuildFile; fileRef = 530202262270B15F00AE3679 /* LaunchScreen.storyboard */; };
		530202332270B15F00AE3679 /* testTests.swift in Sources */ = {isa = PBXBuildFile; fileRef = 530202322270B15F00AE3679 /* testTests.swift */; };
		5302023E2270B15F00AE3679 /* testUITests.swift in Sources */ = {isa = PBXBuildFile; fileRef = 5302023D2270B15F00AE3679 /* testUITests.swift */; };
		53FE93A02275227F005C58FA /* SecondViewController.swift in Sources */ = {isa = PBXBuildFile; fileRef = 53FE939F2275227F005C58FA /* SecondViewController.swift */; };
/* End PBXBuildFile section */

/* Begin PBXContainerItemProxy section */
		5302022F2270B15F00AE3679 /* PBXContainerItemProxy */ = {
			isa = PBXContainerItemProxy;
			containerPortal = 530202122270B15D00AE3679 /* Project object */;
			proxyType = 1;
			remoteGlobalIDString = 530202192270B15D00AE3679;
			remoteInfo = test;
		};
		5302023A2270B15F00AE3679 /* PBXContainerItemProxy */ = {
			isa = PBXContainerItemProxy;
			containerPortal = 530202122270B15D00AE3679 /* Project object */;
			proxyType = 1;
			remoteGlobalIDString = 530202192270B15D00AE3679;
			remoteInfo = test;
		};
/* End PBXContainerItemProxy section */

/* Begin PBXFileReference section */
		5301B90F22743EFF007CAAA1 /* StoryBoard2.storyboard */ = {isa = PBXFileReference; lastKnownFileType = file.storyboard; path = StoryBoard2.storyboard; sourceTree = "<group>"; };
		5302021A2270B15D00AE3679 /* test.app */ = {isa = PBXFileReference; explicitFileType = wrapper.application; includeInIndex = 0; path = test.app; sourceTree = BUILT_PRODUCTS_DIR; };
		5302021D2270B15D00AE3679 /* AppDelegate.swift */ = {isa = PBXFileReference; lastKnownFileType = sourcecode.swift; path = AppDelegate.swift; sourceTree = "<group>"; };
		5302021F2270B15D00AE3679 /* ViewController.swift */ = {isa = PBXFileReference; lastKnownFileType = sourcecode.swift; path = ViewController.swift; sourceTree = "<group>"; };
		530202222270B15D00AE3679 /* Base */ = {isa = PBXFileReference; lastKnownFileType = file.storyboard; name = Base; path = Base.lproj/Main.storyboard; sourceTree = "<group>"; };
		530202242270B15F00AE3679 /* Assets.xcassets */ = {isa = PBXFileReference; lastKnownFileType = folder.assetcatalog; path = Assets.xcassets; sourceTree = "<group>"; };
		530202272270B15F00AE3679 /* Base */ = {isa = PBXFileReference; lastKnownFileType = file.storyboard; name = Base; path = Base.lproj/LaunchScreen.storyboard; sourceTree = "<group>"; };
		530202292270B15F00AE3679 /* Info.plist */ = {isa = PBXFileReference; lastKnownFileType = text.plist.xml; path = Info.plist; sourceTree = "<group>"; };
		5302022E2270B15F00AE3679 /* testTests.xctest */ = {isa = PBXFileReference; explicitFileType = wrapper.cfbundle; includeInIndex = 0; path = testTests.xctest; sourceTree = BUILT_PRODUCTS_DIR; };
		530202322270B15F00AE3679 /* testTests.swift */ = {isa = PBXFileReference; lastKnownFileType = sourcecode.swift; path = testTests.swift; sourceTree = "<group>"; };
		530202342270B15F00AE3679 /* Info.plist */ = {isa = PBXFileReference; lastKnownFileType = text.plist.xml; path = Info.plist; sourceTree = "<group>"; };
		530202392270B15F00AE3679 /* testUITests.xctest */ = {isa = PBXFileReference; explicitFileType = wrapper.cfbundle; includeInIndex = 0; path = testUITests.xctest; sourceTree = BUILT_PRODUCTS_DIR; };
		5302023D2270B15F00AE3679 /* testUITests.swift */ = {isa = PBXFileReference; lastKnownFileType = sourcecode.swift; path = testUITests.swift; sourceTree = "<group>"; };
		5302023F2270B15F00AE3679 /* Info.plist */ = {isa = PBXFileReference; lastKnownFileType = text.plist.xml; path = Info.plist; sourceTree = "<group>"; };
		53FE939F2275227F005C58FA /* SecondViewController.swift */ = {isa = PBXFileReference; lastKnownFileType = sourcecode.swift; path = SecondViewController.swift; sourceTree = "<group>"; };
/* End PBXFileReference section */

/* Begin PBXFrameworksBuildPhase section */
		530202172270B15D00AE3679 /* Frameworks */ = {
			isa = PBXFrameworksBuildPhase;
			buildActionMask = 2147483647;
			files = (
			);
			runOnlyForDeploymentPostprocessing = 0;
		};
		5302022B2270B15F00AE3679 /* Frameworks */ = {
			isa = PBXFrameworksBuildPhase;
			buildActionMask = 2147483647;
			files = (
			);
			runOnlyForDeploymentPostprocessing = 0;
		};
		530202362270B15F00AE3679 /* Frameworks */ = {
			isa = PBXFrameworksBuildPhase;
			buildActionMask = 2147483647;
			files = (
			);
			runOnlyForDeploymentPostprocessing = 0;
		};
/* End PBXFrameworksBuildPhase section */

/* Begin PBXGroup section */
		530202112270B15D00AE3679 = {
			isa = PBXGroup;
			children = (
				5302021C2270B15D00AE3679 /* test */,
				530202312270B15F00AE3679 /* testTests */,
				5302023C2270B15F00AE3679 /* testUITests */,
				5302021B2270B15D00AE3679 /* Products */,
			);
			sourceTree = "<group>";
		};
		5302021B2270B15D00AE3679 /* Products */ = {
			isa = PBXGroup;
			children = (
				5302021A2270B15D00AE3679 /* test.app */,
				5302022E2270B15F00AE3679 /* testTests.xctest */,
				530202392270B15F00AE3679 /* testUITests.xctest */,
			);
			name = Products;
			sourceTree = "<group>";
		};
		5302021C2270B15D00AE3679 /* test */ = {
			isa = PBXGroup;
			children = (
				5302021D2270B15D00AE3679 /* AppDelegate.swift */,
				5302021F2270B15D00AE3679 /* ViewController.swift */,
				53FE939F2275227F005C58FA /* SecondViewController.swift */,
				530202212270B15D00AE3679 /* Main.storyboard */,
				5301B90F22743EFF007CAAA1 /* StoryBoard2.storyboard */,
				530202242270B15F00AE3679 /* Assets.xcassets */,
				530202262270B15F00AE3679 /* LaunchScreen.storyboard */,
				530202292270B15F00AE3679 /* Info.plist */,
			);
			path = test;
			sourceTree = "<group>";
		};
		530202312270B15F00AE3679 /* testTests */ = {
			isa = PBXGroup;
			children = (
				530202322270B15F00AE3679 /* testTests.swift */,
				530202342270B15F00AE3679 /* Info.plist */,
			);
			path = testTests;
			sourceTree = "<group>";
		};
		5302023C2270B15F00AE3679 /* testUITests */ = {
			isa = PBXGroup;
			children = (
				5302023D2270B15F00AE3679 /* testUITests.swift */,
				5302023F2270B15F00AE3679 /* Info.plist */,
			);
			path = testUITests;
			sourceTree = "<group>";
		};
/* End PBXGroup section */

/* Begin PBXNativeTarget section */
		530202192270B15D00AE3679 /* test */ = {
			isa = PBXNativeTarget;
			buildConfigurationList = 530202422270B15F00AE3679 /* Build configuration list for PBXNativeTarget "test" */;
			buildPhases = (
				530202162270B15D00AE3679 /* Sources */,
				530202172270B15D00AE3679 /* Frameworks */,
				530202182270B15D00AE3679 /* Resources */,
			);
			buildRules = (
			);
			dependencies = (
			);
			name = test;
			productName = test;
			productReference = 5302021A2270B15D00AE3679 /* test.app */;
			productType = "com.apple.product-type.application";
		};
		5302022D2270B15F00AE3679 /* testTests */ = {
			isa = PBXNativeTarget;
			buildConfigurationList = 530202452270B15F00AE3679 /* Build configuration list for PBXNativeTarget "testTests" */;
			buildPhases = (
				5302022A2270B15F00AE3679 /* Sources */,
				5302022B2270B15F00AE3679 /* Frameworks */,
				5302022C2270B15F00AE3679 /* Resources */,
			);
			buildRules = (
			);
			dependencies = (
				530202302270B15F00AE3679 /* PBXTargetDependency */,
			);
			name = testTests;
			productName = testTests;
			productReference = 5302022E2270B15F00AE3679 /* testTests.xctest */;
			productType = "com.apple.product-type.bundle.unit-test";
		};
		530202382270B15F00AE3679 /* testUITests */ = {
			isa = PBXNativeTarget;
			buildConfigurationList = 530202482270B15F00AE3679 /* Build configuration list for PBXNativeTarget "testUITests" */;
			buildPhases = (
				530202352270B15F00AE3679 /* Sources */,
				530202362270B15F00AE3679 /* Frameworks */,
				530202372270B15F00AE3679 /* Resources */,
			);
			buildRules = (
			);
			dependencies = (
				5302023B2270B15F00AE3679 /* PBXTargetDependency */,
			);
			name = testUITests;
			productName = testUITests;
			productReference = 530202392270B15F00AE3679 /* testUITests.xctest */;
			productType = "com.apple.product-type.bundle.ui-testing";
		};
/* End PBXNativeTarget section */

/* Begin PBXProject section */
		530202122270B15D00AE3679 /* Project object */ = {
			isa = PBXProject;
			attributes = {
				LastSwiftUpdateCheck = 1020;
				LastUpgradeCheck = 1020;
				ORGANIZATIONNAME = "助永悠輝";
				TargetAttributes = {
					530202192270B15D00AE3679 = {
						CreatedOnToolsVersion = 10.2.1;
					};
					5302022D2270B15F00AE3679 = {
						CreatedOnToolsVersion = 10.2.1;
						TestTargetID = 530202192270B15D00AE3679;
					};
					530202382270B15F00AE3679 = {
						CreatedOnToolsVersion = 10.2.1;
						TestTargetID = 530202192270B15D00AE3679;
					};
				};
			};
			buildConfigurationList = 530202152270B15D00AE3679 /* Build configuration list for PBXProject "test" */;
			compatibilityVersion = "Xcode 9.3";
			developmentRegion = en;
			hasScannedForEncodings = 0;
			knownRegions = (
				en,
				Base,
			);
			mainGroup = 530202112270B15D00AE3679;
			productRefGroup = 5302021B2270B15D00AE3679 /* Products */;
			projectDirPath = "";
			projectRoot = "";
			targets = (
				530202192270B15D00AE3679 /* test */,
				5302022D2270B15F00AE3679 /* testTests */,
				530202382270B15F00AE3679 /* testUITests */,
			);
		};
/* End PBXProject section */

/* Begin PBXResourcesBuildPhase section */
		530202182270B15D00AE3679 /* Resources */ = {
			isa = PBXResourcesBuildPhase;
			buildActionMask = 2147483647;
			files = (
				5301B91022743EFF007CAAA1 /* StoryBoard2.storyboard in Resources */,
				530202282270B15F00AE3679 /* LaunchScreen.storyboard in Resources */,
				530202252270B15F00AE3679 /* Assets.xcassets in Resources */,
				530202232270B15D00AE3679 /* Main.storyboard in Resources */,
			);
			runOnlyForDeploymentPostprocessing = 0;
		};
		5302022C2270B15F00AE3679 /* Resources */ = {
			isa = PBXResourcesBuildPhase;
			buildActionMask = 2147483647;
			files = (
			);
			runOnlyForDeploymentPostprocessing = 0;
		};
		530202372270B15F00AE3679 /* Resources */ = {
			isa = PBXResourcesBuildPhase;
			buildActionMask = 2147483647;
			files = (
			);
			runOnlyForDeploymentPostprocessing = 0;
		};
/* End PBXResourcesBuildPhase section */

/* Begin PBXSourcesBuildPhase section */
		530202162270B15D00AE3679 /* Sources */ = {
			isa = PBXSourcesBuildPhase;
			buildActionMask = 2147483647;
			files = (
				53FE93A02275227F005C58FA /* SecondViewController.swift in Sources */,
				530202202270B15D00AE3679 /* ViewController.swift in Sources */,
				5302021E2270B15D00AE3679 /* AppDelegate.swift in Sources */,
			);
			runOnlyForDeploymentPostprocessing = 0;
		};
		5302022A2270B15F00AE3679 /* Sources */ = {
			isa = PBXSourcesBuildPhase;
			buildActionMask = 2147483647;
			files = (
				530202332270B15F00AE3679 /* testTests.swift in Sources */,
			);
			runOnlyForDeploymentPostprocessing = 0;
		};
		530202352270B15F00AE3679 /* Sources */ = {
			isa = PBXSourcesBuildPhase;
			buildActionMask = 2147483647;
			files = (
				5302023E2270B15F00AE3679 /* testUITests.swift in Sources */,
			);
			runOnlyForDeploymentPostprocessing = 0;
		};
/* End PBXSourcesBuildPhase section */

/* Begin PBXTargetDependency section */
		530202302270B15F00AE3679 /* PBXTargetDependency */ = {
			isa = PBXTargetDependency;
			target = 530202192270B15D00AE3679 /* test */;
			targetProxy = 5302022F2270B15F00AE3679 /* PBXContainerItemProxy */;
		};
		5302023B2270B15F00AE3679 /* PBXTargetDependency */ = {
			isa = PBXTargetDependency;
			target = 530202192270B15D00AE3679 /* test */;
			targetProxy = 5302023A2270B15F00AE3679 /* PBXContainerItemProxy */;
		};
/* End PBXTargetDependency section */

/* Begin PBXVariantGroup section */
		530202212270B15D00AE3679 /* Main.storyboard */ = {
			isa = PBXVariantGroup;
			children = (
				530202222270B15D00AE3679 /* Base */,
			);
			name = Main.storyboard;
			sourceTree = "<group>";
		};
		530202262270B15F00AE3679 /* LaunchScreen.storyboard */ = {
			isa = PBXVariantGroup;
			children = (
				530202272270B15F00AE3679 /* Base */,
			);
			name = LaunchScreen.storyboard;
			sourceTree = "<group>";
		};
/* End PBXVariantGroup section */

/* Begin XCBuildConfiguration section */
		530202402270B15F00AE3679 /* Debug */ = {
			isa = XCBuildConfiguration;
			buildSettings = {
				ALWAYS_SEARCH_USER_PATHS = NO;
				CLANG_ANALYZER_NONNULL = YES;
				CLANG_ANALYZER_NUMBER_OBJECT_CONVERSION = YES_AGGRESSIVE;
				CLANG_CXX_LANGUAGE_STANDARD = "gnu++14";
				CLANG_CXX_LIBRARY = "libc++";
				CLANG_ENABLE_MODULES = YES;
				CLANG_ENABLE_OBJC_ARC = YES;
				CLANG_ENABLE_OBJC_WEAK = YES;
				CLANG_WARN_BLOCK_CAPTURE_AUTORELEASING = YES;
				CLANG_WARN_BOOL_CONVERSION = YES;
				CLANG_WARN_COMMA = YES;
				CLANG_WARN_CONSTANT_CONVERSION = YES;
				CLANG_WARN_DEPRECATED_OBJC_IMPLEMENTATIONS = YES;
				CLANG_WARN_DIRECT_OBJC_ISA_USAGE = YES_ERROR;
				CLANG_WARN_DOCUMENTATION_COMMENTS = YES;
				CLANG_WARN_EMPTY_BODY = YES;
				CLANG_WARN_ENUM_CONVERSION = YES;
				CLANG_WARN_INFINITE_RECURSION = YES;
				CLANG_WARN_INT_CONVERSION = YES;
				CLANG_WARN_NON_LITERAL_NULL_CONVERSION = YES;
				CLANG_WARN_OBJC_IMPLICIT_RETAIN_SELF = YES;
				CLANG_WARN_OBJC_LITERAL_CONVERSION = YES;
				CLANG_WARN_OBJC_ROOT_CLASS = YES_ERROR;
				CLANG_WARN_RANGE_LOOP_ANALYSIS = YES;
				CLANG_WARN_STRICT_PROTOTYPES = YES;
				CLANG_WARN_SUSPICIOUS_MOVE = YES;
				CLANG_WARN_UNGUARDED_AVAILABILITY = YES_AGGRESSIVE;
				CLANG_WARN_UNREACHABLE_CODE = YES;
				CLANG_WARN__DUPLICATE_METHOD_MATCH = YES;
				CODE_SIGN_IDENTITY = "iPhone Developer";
				COPY_PHASE_STRIP = NO;
				DEBUG_INFORMATION_FORMAT = dwarf;
				ENABLE_STRICT_OBJC_MSGSEND = YES;
				ENABLE_TESTABILITY = YES;
				GCC_C_LANGUAGE_STANDARD = gnu11;
				GCC_DYNAMIC_NO_PIC = NO;
				GCC_NO_COMMON_BLOCKS = YES;
				GCC_OPTIMIZATION_LEVEL = 0;
				GCC_PREPROCESSOR_DEFINITIONS = (
					"DEBUG=1",
					"$(inherited)",
				);
				GCC_WARN_64_TO_32_BIT_CONVERSION = YES;
				GCC_WARN_ABOUT_RETURN_TYPE = YES_ERROR;
				GCC_WARN_UNDECLARED_SELECTOR = YES;
				GCC_WARN_UNINITIALIZED_AUTOS = YES_AGGRESSIVE;
				GCC_WARN_UNUSED_FUNCTION = YES;
				GCC_WARN_UNUSED_VARIABLE = YES;
				IPHONEOS_DEPLOYMENT_TARGET = 12.2;
				MTL_ENABLE_DEBUG_INFO = INCLUDE_SOURCE;
				MTL_FAST_MATH = YES;
				ONLY_ACTIVE_ARCH = YES;
				SDKROOT = iphoneos;
				SWIFT_ACTIVE_COMPILATION_CONDITIONS = DEBUG;
				SWIFT_OPTIMIZATION_LEVEL = "-Onone";
			};
			name = Debug;
		};
		530202412270B15F00AE3679 /* Release */ = {
			isa = XCBuildConfiguration;
			buildSettings = {
				ALWAYS_SEARCH_USER_PATHS = NO;
				CLANG_ANALYZER_NONNULL = YES;
				CLANG_ANALYZER_NUMBER_OBJECT_CONVERSION = YES_AGGRESSIVE;
				CLANG_CXX_LANGUAGE_STANDARD = "gnu++14";
				CLANG_CXX_LIBRARY = "libc++";
				CLANG_ENABLE_MODULES = YES;
				CLANG_ENABLE_OBJC_ARC = YES;
				CLANG_ENABLE_OBJC_WEAK = YES;
				CLANG_WARN_BLOCK_CAPTURE_AUTORELEASING = YES;
				CLANG_WARN_BOOL_CONVERSION = YES;
				CLANG_WARN_COMMA = YES;
				CLANG_WARN_CONSTANT_CONVERSION = YES;
				CLANG_WARN_DEPRECATED_OBJC_IMPLEMENTATIONS = YES;
				CLANG_WARN_DIRECT_OBJC_ISA_USAGE = YES_ERROR;
				CLANG_WARN_DOCUMENTATION_COMMENTS = YES;
				CLANG_WARN_EMPTY_BODY = YES;
				CLANG_WARN_ENUM_CONVERSION = YES;
				CLANG_WARN_INFINITE_RECURSION = YES;
				CLANG_WARN_INT_CONVERSION = YES;
				CLANG_WARN_NON_LITERAL_NULL_CONVERSION = YES;
				CLANG_WARN_OBJC_IMPLICIT_RETAIN_SELF = YES;
				CLANG_WARN_OBJC_LITERAL_CONVERSION = YES;
				CLANG_WARN_OBJC_ROOT_CLASS = YES_ERROR;
				CLANG_WARN_RANGE_LOOP_ANALYSIS = YES;
				CLANG_WARN_STRICT_PROTOTYPES = YES;
				CLANG_WARN_SUSPICIOUS_MOVE = YES;
				CLANG_WARN_UNGUARDED_AVAILABILITY = YES_AGGRESSIVE;
				CLANG_WARN_UNREACHABLE_CODE = YES;
				CLANG_WARN__DUPLICATE_METHOD_MATCH = YES;
				CODE_SIGN_IDENTITY = "iPhone Developer";
				COPY_PHASE_STRIP = NO;
				DEBUG_INFORMATION_FORMAT = "dwarf-with-dsym";
				ENABLE_NS_ASSERTIONS = NO;
				ENABLE_STRICT_OBJC_MSGSEND = YES;
				GCC_C_LANGUAGE_STANDARD = gnu11;
				GCC_NO_COMMON_BLOCKS = YES;
				GCC_WARN_64_TO_32_BIT_CONVERSION = YES;
				GCC_WARN_ABOUT_RETURN_TYPE = YES_ERROR;
				GCC_WARN_UNDECLARED_SELECTOR = YES;
				GCC_WARN_UNINITIALIZED_AUTOS = YES_AGGRESSIVE;
				GCC_WARN_UNUSED_FUNCTION = YES;
				GCC_WARN_UNUSED_VARIABLE = YES;
				IPHONEOS_DEPLOYMENT_TARGET = 12.2;
				MTL_ENABLE_DEBUG_INFO = NO;
				MTL_FAST_MATH = YES;
				SDKROOT = iphoneos;
				SWIFT_COMPILATION_MODE = wholemodule;
				SWIFT_OPTIMIZATION_LEVEL = "-O";
				VALIDATE_PRODUCT = YES;
			};
			name = Release;
		};
		530202432270B15F00AE3679 /* Debug */ = {
			isa = XCBuildConfiguration;
			buildSettings = {
				ASSETCATALOG_COMPILER_APPICON_NAME = AppIcon;
				CODE_SIGN_STYLE = Automatic;
				DEVELOPMENT_TEAM = XSMX25A839;
				INFOPLIST_FILE = test/Info.plist;
				LD_RUNPATH_SEARCH_PATHS = (
					"$(inherited)",
					"@executable_path/Frameworks",
				);
				PRODUCT_BUNDLE_IDENTIFIER = test.test;
				PRODUCT_NAME = "$(TARGET_NAME)";
				SWIFT_VERSION = 5.0;
				TARGETED_DEVICE_FAMILY = "1,2";
			};
			name = Debug;
		};
		530202442270B15F00AE3679 /* Release */ = {
			isa = XCBuildConfiguration;
			buildSettings = {
				ASSETCATALOG_COMPILER_APPICON_NAME = AppIcon;
				CODE_SIGN_STYLE = Automatic;
				DEVELOPMENT_TEAM = XSMX25A839;
				INFOPLIST_FILE = test/Info.plist;
				LD_RUNPATH_SEARCH_PATHS = (
					"$(inherited)",
					"@executable_path/Frameworks",
				);
				PRODUCT_BUNDLE_IDENTIFIER = test.test;
				PRODUCT_NAME = "$(TARGET_NAME)";
				SWIFT_VERSION = 5.0;
				TARGETED_DEVICE_FAMILY = "1,2";
			};
			name = Release;
		};
		530202462270B15F00AE3679 /* Debug */ = {
			isa = XCBuildConfiguration;
			buildSettings = {
				ALWAYS_EMBED_SWIFT_STANDARD_LIBRARIES = YES;
				BUNDLE_LOADER = "$(TEST_HOST)";
				CODE_SIGN_STYLE = Automatic;
				DEVELOPMENT_TEAM = XSMX25A839;
				INFOPLIST_FILE = testTests/Info.plist;
				LD_RUNPATH_SEARCH_PATHS = (
					"$(inherited)",
					"@executable_path/Frameworks",
					"@loader_path/Frameworks",
				);
				PRODUCT_BUNDLE_IDENTIFIER = test.testTests;
				PRODUCT_NAME = "$(TARGET_NAME)";
				SWIFT_VERSION = 5.0;
				TARGETED_DEVICE_FAMILY = "1,2";
				TEST_HOST = "$(BUILT_PRODUCTS_DIR)/test.app/test";
			};
			name = Debug;
		};
		530202472270B15F00AE3679 /* Release */ = {
			isa = XCBuildConfiguration;
			buildSettings = {
				ALWAYS_EMBED_SWIFT_STANDARD_LIBRARIES = YES;
				BUNDLE_LOADER = "$(TEST_HOST)";
				CODE_SIGN_STYLE = Automatic;
				DEVELOPMENT_TEAM = XSMX25A839;
				INFOPLIST_FILE = testTests/Info.plist;
				LD_RUNPATH_SEARCH_PATHS = (
					"$(inherited)",
					"@executable_path/Frameworks",
					"@loader_path/Frameworks",
				);
				PRODUCT_BUNDLE_IDENTIFIER = test.testTests;
				PRODUCT_NAME = "$(TARGET_NAME)";
				SWIFT_VERSION = 5.0;
				TARGETED_DEVICE_FAMILY = "1,2";
				TEST_HOST = "$(BUILT_PRODUCTS_DIR)/test.app/test";
			};
			name = Release;
		};
		530202492270B15F00AE3679 /* Debug */ = {
			isa = XCBuildConfiguration;
			buildSettings = {
				ALWAYS_EMBED_SWIFT_STANDARD_LIBRARIES = YES;
				CODE_SIGN_STYLE = Automatic;
				DEVELOPMENT_TEAM = XSMX25A839;
				INFOPLIST_FILE = testUITests/Info.plist;
				LD_RUNPATH_SEARCH_PATHS = (
					"$(inherited)",
					"@executable_path/Frameworks",
					"@loader_path/Frameworks",
				);
				PRODUCT_BUNDLE_IDENTIFIER = test.testUITests;
				PRODUCT_NAME = "$(TARGET_NAME)";
				SWIFT_VERSION = 5.0;
				TARGETED_DEVICE_FAMILY = "1,2";
				TEST_TARGET_NAME = test;
			};
			name = Debug;
		};
		5302024A2270B15F00AE3679 /* Release */ = {
			isa = XCBuildConfiguration;
			buildSettings = {
				ALWAYS_EMBED_SWIFT_STANDARD_LIBRARIES = YES;
				CODE_SIGN_STYLE = Automatic;
				DEVELOPMENT_TEAM = XSMX25A839;
				INFOPLIST_FILE = testUITests/Info.plist;
				LD_RUNPATH_SEARCH_PATHS = (
					"$(inherited)",
					"@executable_path/Frameworks",
					"@loader_path/Frameworks",
				);
				PRODUCT_BUNDLE_IDENTIFIER = test.testUITests;
				PRODUCT_NAME = "$(TARGET_NAME)";
				SWIFT_VERSION = 5.0;
				TARGETED_DEVICE_FAMILY = "1,2";
				TEST_TARGET_NAME = test;
			};
			name = Release;
		};
/* End XCBuildConfiguration section */

/* Begin XCConfigurationList section */
		530202152270B15D00AE3679 /* Build configuration list for PBXProject "test" */ = {
			isa = XCConfigurationList;
			buildConfigurations = (
				530202402270B15F00AE3679 /* Debug */,
				530202412270B15F00AE3679 /* Release */,
			);
			defaultConfigurationIsVisible = 0;
			defaultConfigurationName = Release;
		};
		530202422270B15F00AE3679 /* Build configuration list for PBXNativeTarget "test" */ = {
			isa = XCConfigurationList;
			buildConfigurations = (
				530202432270B15F00AE3679 /* Debug */,
				530202442270B15F00AE3679 /* Release */,
			);
			defaultConfigurationIsVisible = 0;
			defaultConfigurationName = Release;
		};
		530202452270B15F00AE3679 /* Build configuration list for PBXNativeTarget "testTests" */ = {
			isa = XCConfigurationList;
			buildConfigurations = (
				530202462270B15F00AE3679 /* Debug */,
				530202472270B15F00AE3679 /* Release */,
			);
			defaultConfigurationIsVisible = 0;
			defaultConfigurationName = Release;
		};
		530202482270B15F00AE3679 /* Build configuration list for PBXNativeTarget "testUITests" */ = {
			isa = XCConfigurationList;
			buildConfigurations = (
				530202492270B15F00AE3679 /* Debug */,
				5302024A2270B15F00AE3679 /* Release */,
			);
			defaultConfigurationIsVisible = 0;
			defaultConfigurationName = Release;
		};
/* End XCConfigurationList section */
	};
	rootObject = 530202122270B15D00AE3679 /* Project object */;
}
